// !$*UTF8*$!
{
	archiveVersion = 1;
	classes = {
	};
	objectVersion = 50;
	objects = {

/* Begin PBXBuildFile section */
		BB41502C2096149000E942D7 /* FareVC.swift in Sources */ = {isa = PBXBuildFile; fileRef = BB41502B2096149000E942D7 /* FareVC.swift */; };
		BB41502E20962BBC00E942D7 /* UberData.swift in Sources */ = {isa = PBXBuildFile; fileRef = BB41502D20962BBC00E942D7 /* UberData.swift */; };
		BB522A622095FEC900553B4D /* AppDelegate.swift in Sources */ = {isa = PBXBuildFile; fileRef = BB522A612095FEC900553B4D /* AppDelegate.swift */; };
		BB522A642095FEC900553B4D /* ViewController.swift in Sources */ = {isa = PBXBuildFile; fileRef = BB522A632095FEC900553B4D /* ViewController.swift */; };
		BB522A672095FEC900553B4D /* Main.storyboard in Resources */ = {isa = PBXBuildFile; fileRef = BB522A652095FEC900553B4D /* Main.storyboard */; };
		BB522A692095FECC00553B4D /* Assets.xcassets in Resources */ = {isa = PBXBuildFile; fileRef = BB522A682095FECC00553B4D /* Assets.xcassets */; };
		BB522A6C2095FECC00553B4D /* LaunchScreen.storyboard in Resources */ = {isa = PBXBuildFile; fileRef = BB522A6A2095FECC00553B4D /* LaunchScreen.storyboard */; };
		BB84711D209660FD001FF506 /* LyftData.swift in Sources */ = {isa = PBXBuildFile; fileRef = BB84711C209660FD001FF506 /* LyftData.swift */; };
		BBC612252096376600216A89 /* Constants.swift in Sources */ = {isa = PBXBuildFile; fileRef = BBC612242096376600216A89 /* Constants.swift */; };
		D46B17381BD71F536CBC10B9 /* Pods_Ufare.framework in Frameworks */ = {isa = PBXBuildFile; fileRef = EDD82FEA425AFB7435ED2516 /* Pods_Ufare.framework */; };
/* End PBXBuildFile section */

/* Begin PBXFileReference section */
		07453F3532EBBD8765744206 /* Pods-Ufare.release.xcconfig */ = {isa = PBXFileReference; includeInIndex = 1; lastKnownFileType = text.xcconfig; name = "Pods-Ufare.release.xcconfig"; path = "Pods/Target Support Files/Pods-Ufare/Pods-Ufare.release.xcconfig"; sourceTree = "<group>"; };
		6A46A11B74E960BCB0CAB16E /* Pods-Ufare.debug.xcconfig */ = {isa = PBXFileReference; includeInIndex = 1; lastKnownFileType = text.xcconfig; name = "Pods-Ufare.debug.xcconfig"; path = "Pods/Target Support Files/Pods-Ufare/Pods-Ufare.debug.xcconfig"; sourceTree = "<group>"; };
		BB41502B2096149000E942D7 /* FareVC.swift */ = {isa = PBXFileReference; lastKnownFileType = sourcecode.swift; path = FareVC.swift; sourceTree = "<group>"; };
		BB41502D20962BBC00E942D7 /* UberData.swift */ = {isa = PBXFileReference; lastKnownFileType = sourcecode.swift; path = UberData.swift; sourceTree = "<group>"; };
		BB522A5E2095FEC900553B4D /* Ufare.app */ = {isa = PBXFileReference; explicitFileType = wrapper.application; includeInIndex = 0; path = Ufare.app; sourceTree = BUILT_PRODUCTS_DIR; };
		BB522A612095FEC900553B4D /* AppDelegate.swift */ = {isa = PBXFileReference; lastKnownFileType = sourcecode.swift; path = AppDelegate.swift; sourceTree = "<group>"; };
		BB522A632095FEC900553B4D /* ViewController.swift */ = {isa = PBXFileReference; lastKnownFileType = sourcecode.swift; path = ViewController.swift; sourceTree = "<group>"; };
		BB522A662095FEC900553B4D /* Base */ = {isa = PBXFileReference; lastKnownFileType = file.storyboard; name = Base; path = Base.lproj/Main.storyboard; sourceTree = "<group>"; };
		BB522A682095FECC00553B4D /* Assets.xcassets */ = {isa = PBXFileReference; lastKnownFileType = folder.assetcatalog; path = Assets.xcassets; sourceTree = "<group>"; };
		BB522A6B2095FECC00553B4D /* Base */ = {isa = PBXFileReference; lastKnownFileType = file.storyboard; name = Base; path = Base.lproj/LaunchScreen.storyboard; sourceTree = "<group>"; };
		BB522A6D2095FECC00553B4D /* Info.plist */ = {isa = PBXFileReference; lastKnownFileType = text.plist.xml; path = Info.plist; sourceTree = "<group>"; };
		BB84711C209660FD001FF506 /* LyftData.swift */ = {isa = PBXFileReference; lastKnownFileType = sourcecode.swift; path = LyftData.swift; sourceTree = "<group>"; };
		BBC612242096376600216A89 /* Constants.swift */ = {isa = PBXFileReference; lastKnownFileType = sourcecode.swift; path = Constants.swift; sourceTree = "<group>"; };
		EDD82FEA425AFB7435ED2516 /* Pods_Ufare.framework */ = {isa = PBXFileReference; explicitFileType = wrapper.framework; includeInIndex = 0; path = Pods_Ufare.framework; sourceTree = BUILT_PRODUCTS_DIR; };
/* End PBXFileReference section */

/* Begin PBXFrameworksBuildPhase section */
		BB522A5B2095FEC900553B4D /* Frameworks */ = {
			isa = PBXFrameworksBuildPhase;
			buildActionMask = 2147483647;
			files = (
				D46B17381BD71F536CBC10B9 /* Pods_Ufare.framework in Frameworks */,
			);
			runOnlyForDeploymentPostprocessing = 0;
		};
/* End PBXFrameworksBuildPhase section */

/* Begin PBXGroup section */
		42C7AF54EB088C17F818BB3D /* Pods */ = {
			isa = PBXGroup;
			children = (
				6A46A11B74E960BCB0CAB16E /* Pods-Ufare.debug.xcconfig */,
				07453F3532EBBD8765744206 /* Pods-Ufare.release.xcconfig */,
			);
			name = Pods;
			sourceTree = "<group>";
		};
		B1BD64717C1D4519E56D4CFE /* Frameworks */ = {
			isa = PBXGroup;
			children = (
				EDD82FEA425AFB7435ED2516 /* Pods_Ufare.framework */,
			);
			name = Frameworks;
			sourceTree = "<group>";
		};
		BB522A552095FEC900553B4D = {
			isa = PBXGroup;
			children = (
				BB522A602095FEC900553B4D /* Ufare */,
				BB522A5F2095FEC900553B4D /* Products */,
				42C7AF54EB088C17F818BB3D /* Pods */,
				B1BD64717C1D4519E56D4CFE /* Frameworks */,
			);
			sourceTree = "<group>";
		};
		BB522A5F2095FEC900553B4D /* Products */ = {
			isa = PBXGroup;
			children = (
				BB522A5E2095FEC900553B4D /* Ufare.app */,
			);
			name = Products;
			sourceTree = "<group>";
		};
		BB522A602095FEC900553B4D /* Ufare */ = {
			isa = PBXGroup;
			children = (
				BBC612242096376600216A89 /* Constants.swift */,
				BB522A612095FEC900553B4D /* AppDelegate.swift */,
				BB84711C209660FD001FF506 /* LyftData.swift */,
				BB41502D20962BBC00E942D7 /* UberData.swift */,
				BB522A632095FEC900553B4D /* ViewController.swift */,
				BB41502B2096149000E942D7 /* FareVC.swift */,
				BB522A652095FEC900553B4D /* Main.storyboard */,
				BB522A682095FECC00553B4D /* Assets.xcassets */,
				BB522A6A2095FECC00553B4D /* LaunchScreen.storyboard */,
				BB522A6D2095FECC00553B4D /* Info.plist */,
			);
			path = Ufare;
			sourceTree = "<group>";
		};
/* End PBXGroup section */

/* Begin PBXNativeTarget section */
		BB522A5D2095FEC900553B4D /* Ufare */ = {
			isa = PBXNativeTarget;
			buildConfigurationList = BB522A702095FECC00553B4D /* Build configuration list for PBXNativeTarget "Ufare" */;
			buildPhases = (
				ADC0326F01966CB54C6CE8DE /* [CP] Check Pods Manifest.lock */,
				BB522A5A2095FEC900553B4D /* Sources */,
				BB522A5B2095FEC900553B4D /* Frameworks */,
				BB522A5C2095FEC900553B4D /* Resources */,
				4DEA9E1AE54BEA0CBEB7F87B /* [CP] Copy Pods Resources */,
				FF0E5456A59C6E81C90E7426 /* [CP] Embed Pods Frameworks */,
			);
			buildRules = (
			);
			dependencies = (
			);
			name = Ufare;
			productName = Ufare;
			productReference = BB522A5E2095FEC900553B4D /* Ufare.app */;
			productType = "com.apple.product-type.application";
		};
/* End PBXNativeTarget section */

/* Begin PBXProject section */
		BB522A562095FEC900553B4D /* Project object */ = {
			isa = PBXProject;
			attributes = {
				LastSwiftUpdateCheck = 0930;
				LastUpgradeCheck = 0930;
				ORGANIZATIONNAME = Gu;
				TargetAttributes = {
					BB522A5D2095FEC900553B4D = {
						CreatedOnToolsVersion = 9.3;
					};
				};
			};
			buildConfigurationList = BB522A592095FEC900553B4D /* Build configuration list for PBXProject "Ufare" */;
			compatibilityVersion = "Xcode 9.3";
			developmentRegion = en;
			hasScannedForEncodings = 0;
			knownRegions = (
				en,
				Base,
			);
			mainGroup = BB522A552095FEC900553B4D;
			productRefGroup = BB522A5F2095FEC900553B4D /* Products */;
			projectDirPath = "";
			projectRoot = "";
			targets = (
				BB522A5D2095FEC900553B4D /* Ufare */,
			);
		};
/* End PBXProject section */

/* Begin PBXResourcesBuildPhase section */
		BB522A5C2095FEC900553B4D /* Resources */ = {
			isa = PBXResourcesBuildPhase;
			buildActionMask = 2147483647;
			files = (
				BB522A6C2095FECC00553B4D /* LaunchScreen.storyboard in Resources */,
				BB522A692095FECC00553B4D /* Assets.xcassets in Resources */,
				BB522A672095FEC900553B4D /* Main.storyboard in Resources */,
			);
			runOnlyForDeploymentPostprocessing = 0;
		};
/* End PBXResourcesBuildPhase section */

/* Begin PBXShellScriptBuildPhase section */
		4DEA9E1AE54BEA0CBEB7F87B /* [CP] Copy Pods Resources */ = {
			isa = PBXShellScriptBuildPhase;
			buildActionMask = 2147483647;
			files = (
			);
			inputPaths = (
				"${SRCROOT}/Pods/Target Support Files/Pods-Ufare/Pods-Ufare-resources.sh",
				"${PODS_ROOT}/GoogleMaps/Maps/Frameworks/GoogleMaps.framework/Resources/GoogleMaps.bundle",
				"${PODS_ROOT}/GooglePlacePicker/Frameworks/GooglePlacePicker.framework/Resources/GooglePlacePicker.bundle",
				"${PODS_ROOT}/GooglePlaces/Frameworks/GooglePlaces.framework/Resources/GooglePlaces.bundle",
			);
			name = "[CP] Copy Pods Resources";
			outputPaths = (
				"${TARGET_BUILD_DIR}/${UNLOCALIZED_RESOURCES_FOLDER_PATH}/GoogleMaps.bundle",
				"${TARGET_BUILD_DIR}/${UNLOCALIZED_RESOURCES_FOLDER_PATH}/GooglePlacePicker.bundle",
				"${TARGET_BUILD_DIR}/${UNLOCALIZED_RESOURCES_FOLDER_PATH}/GooglePlaces.bundle",
			);
			runOnlyForDeploymentPostprocessing = 0;
			shellPath = /bin/sh;
			shellScript = "\"${SRCROOT}/Pods/Target Support Files/Pods-Ufare/Pods-Ufare-resources.sh\"\n";
			showEnvVarsInLog = 0;
		};
		ADC0326F01966CB54C6CE8DE /* [CP] Check Pods Manifest.lock */ = {
			isa = PBXShellScriptBuildPhase;
			buildActionMask = 2147483647;
			files = (
			);
			inputPaths = (
				"${PODS_PODFILE_DIR_PATH}/Podfile.lock",
				"${PODS_ROOT}/Manifest.lock",
			);
			name = "[CP] Check Pods Manifest.lock";
			outputPaths = (
				"$(DERIVED_FILE_DIR)/Pods-Ufare-checkManifestLockResult.txt",
			);
			runOnlyForDeploymentPostprocessing = 0;
			shellPath = /bin/sh;
			shellScript = "diff \"${PODS_PODFILE_DIR_PATH}/Podfile.lock\" \"${PODS_ROOT}/Manifest.lock\" > /dev/null\nif [ $? != 0 ] ; then\n    # print error to STDERR\n    echo \"error: The sandbox is not in sync with the Podfile.lock. Run 'pod install' or update your CocoaPods installation.\" >&2\n    exit 1\nfi\n# This output is used by Xcode 'outputs' to avoid re-running this script phase.\necho \"SUCCESS\" > \"${SCRIPT_OUTPUT_FILE_0}\"\n";
			showEnvVarsInLog = 0;
		};
		FF0E5456A59C6E81C90E7426 /* [CP] Embed Pods Frameworks */ = {
			isa = PBXShellScriptBuildPhase;
			buildActionMask = 2147483647;
			files = (
			);
			inputPaths = (
				"${SRCROOT}/Pods/Target Support Files/Pods-Ufare/Pods-Ufare-frameworks.sh",
				"${BUILT_PRODUCTS_DIR}/Alamofire/Alamofire.framework",
				"${BUILT_PRODUCTS_DIR}/LyftSDK/LyftSDK.framework",
				"${BUILT_PRODUCTS_DIR}/SwiftyJSON/SwiftyJSON.framework",
				"${BUILT_PRODUCTS_DIR}/UberCore/UberCore.framework",
				"${BUILT_PRODUCTS_DIR}/UberRides/UberRides.framework",
			);
			name = "[CP] Embed Pods Frameworks";
			outputPaths = (
				"${TARGET_BUILD_DIR}/${FRAMEWORKS_FOLDER_PATH}/Alamofire.framework",
				"${TARGET_BUILD_DIR}/${FRAMEWORKS_FOLDER_PATH}/LyftSDK.framework",
				"${TARGET_BUILD_DIR}/${FRAMEWORKS_FOLDER_PATH}/SwiftyJSON.framework",
				"${TARGET_BUILD_DIR}/${FRAMEWORKS_FOLDER_PATH}/UberCore.framework",
				"${TARGET_BUILD_DIR}/${FRAMEWORKS_FOLDER_PATH}/UberRides.framework",
			);
			runOnlyForDeploymentPostprocessing = 0;
			shellPath = /bin/sh;
			shellScript = "\"${SRCROOT}/Pods/Target Support Files/Pods-Ufare/Pods-Ufare-frameworks.sh\"\n";
			showEnvVarsInLog = 0;
		};
/* End PBXShellScriptBuildPhase section */

/* Begin PBXSourcesBuildPhase section */
		BB522A5A2095FEC900553B4D /* Sources */ = {
			isa = PBXSourcesBuildPhase;
			buildActionMask = 2147483647;
			files = (
				BB41502E20962BBC00E942D7 /* UberData.swift in Sources */,
				BB522A642095FEC900553B4D /* ViewController.swift in Sources */,
				BB522A622095FEC900553B4D /* AppDelegate.swift in Sources */,
				BB84711D209660FD001FF506 /* LyftData.swift in Sources */,
				BB41502C2096149000E942D7 /* FareVC.swift in Sources */,
				BBC612252096376600216A89 /* Constants.swift in Sources */,
			);
			runOnlyForDeploymentPostprocessing = 0;
		};
/* End PBXSourcesBuildPhase section */

/* Begin PBXVariantGroup section */
		BB522A652095FEC900553B4D /* Main.storyboard */ = {
			isa = PBXVariantGroup;
			children = (
				BB522A662095FEC900553B4D /* Base */,
			);
			name = Main.storyboard;
			sourceTree = "<group>";
		};
		BB522A6A2095FECC00553B4D /* LaunchScreen.storyboard */ = {
			isa = PBXVariantGroup;
			children = (
				BB522A6B2095FECC00553B4D /* Base */,
			);
			name = LaunchScreen.storyboard;
			sourceTree = "<group>";
		};
/* End PBXVariantGroup section */

/* Begin XCBuildConfiguration section */
		BB522A6E2095FECC00553B4D /* Debug */ = {
			isa = XCBuildConfiguration;
			buildSettings = {
				ALWAYS_SEARCH_USER_PATHS = NO;
				CLANG_ANALYZER_NONNULL = YES;
				CLANG_ANALYZER_NUMBER_OBJECT_CONVERSION = YES_AGGRESSIVE;
				CLANG_CXX_LANGUAGE_STANDARD = "gnu++14";
				CLANG_CXX_LIBRARY = "libc++";
				CLANG_ENABLE_MODULES = YES;
				CLANG_ENABLE_OBJC_ARC = YES;
				CLANG_ENABLE_OBJC_WEAK = YES;
				CLANG_WARN_BLOCK_CAPTURE_AUTORELEASING = YES;
				CLANG_WARN_BOOL_CONVERSION = YES;
				CLANG_WARN_COMMA = YES;
				CLANG_WARN_CONSTANT_CONVERSION = YES;
				CLANG_WARN_DEPRECATED_OBJC_IMPLEMENTATIONS = YES;
				CLANG_WARN_DIRECT_OBJC_ISA_USAGE = YES_ERROR;
				CLANG_WARN_DOCUMENTATION_COMMENTS = YES;
				CLANG_WARN_EMPTY_BODY = YES;
				CLANG_WARN_ENUM_CONVERSION = YES;
				CLANG_WARN_INFINITE_RECURSION = YES;
				CLANG_WARN_INT_CONVERSION = YES;
				CLANG_WARN_NON_LITERAL_NULL_CONVERSION = YES;
				CLANG_WARN_OBJC_IMPLICIT_RETAIN_SELF = YES;
				CLANG_WARN_OBJC_LITERAL_CONVERSION = YES;
				CLANG_WARN_OBJC_ROOT_CLASS = YES_ERROR;
				CLANG_WARN_RANGE_LOOP_ANALYSIS = YES;
				CLANG_WARN_STRICT_PROTOTYPES = YES;
				CLANG_WARN_SUSPICIOUS_MOVE = YES;
				CLANG_WARN_UNGUARDED_AVAILABILITY = YES_AGGRESSIVE;
				CLANG_WARN_UNREACHABLE_CODE = YES;
				CLANG_WARN__DUPLICATE_METHOD_MATCH = YES;
				CODE_SIGN_IDENTITY = "iPhone Developer";
				COPY_PHASE_STRIP = NO;
				DEBUG_INFORMATION_FORMAT = dwarf;
				ENABLE_STRICT_OBJC_MSGSEND = YES;
				ENABLE_TESTABILITY = YES;
				GCC_C_LANGUAGE_STANDARD = gnu11;
				GCC_DYNAMIC_NO_PIC = NO;
				GCC_NO_COMMON_BLOCKS = YES;
				GCC_OPTIMIZATION_LEVEL = 0;
				GCC_PREPROCESSOR_DEFINITIONS = (
					"DEBUG=1",
					"$(inherited)",
				);
				GCC_WARN_64_TO_32_BIT_CONVERSION = YES;
				GCC_WARN_ABOUT_RETURN_TYPE = YES_ERROR;
				GCC_WARN_UNDECLARED_SELECTOR = YES;
				GCC_WARN_UNINITIALIZED_AUTOS = YES_AGGRESSIVE;
				GCC_WARN_UNUSED_FUNCTION = YES;
				GCC_WARN_UNUSED_VARIABLE = YES;
				IPHONEOS_DEPLOYMENT_TARGET = 11.3;
				MTL_ENABLE_DEBUG_INFO = YES;
				ONLY_ACTIVE_ARCH = YES;
				SDKROOT = iphoneos;
				SWIFT_ACTIVE_COMPILATION_CONDITIONS = DEBUG;
				SWIFT_OPTIMIZATION_LEVEL = "-Onone";
			};
			name = Debug;
		};
		BB522A6F2095FECC00553B4D /* Release */ = {
			isa = XCBuildConfiguration;
			buildSettings = {
				ALWAYS_SEARCH_USER_PATHS = NO;
				CLANG_ANALYZER_NONNULL = YES;
				CLANG_ANALYZER_NUMBER_OBJECT_CONVERSION = YES_AGGRESSIVE;
				CLANG_CXX_LANGUAGE_STANDARD = "gnu++14";
				CLANG_CXX_LIBRARY = "libc++";
				CLANG_ENABLE_MODULES = YES;
				CLANG_ENABLE_OBJC_ARC = YES;
				CLANG_ENABLE_OBJC_WEAK = YES;
				CLANG_WARN_BLOCK_CAPTURE_AUTORELEASING = YES;
				CLANG_WARN_BOOL_CONVERSION = YES;
				CLANG_WARN_COMMA = YES;
				CLANG_WARN_CONSTANT_CONVERSION = YES;
				CLANG_WARN_DEPRECATED_OBJC_IMPLEMENTATIONS = YES;
				CLANG_WARN_DIRECT_OBJC_ISA_USAGE = YES_ERROR;
				CLANG_WARN_DOCUMENTATION_COMMENTS = YES;
				CLANG_WARN_EMPTY_BODY = YES;
				CLANG_WARN_ENUM_CONVERSION = YES;
				CLANG_WARN_INFINITE_RECURSION = YES;
				CLANG_WARN_INT_CONVERSION = YES;
				CLANG_WARN_NON_LITERAL_NULL_CONVERSION = YES;
				CLANG_WARN_OBJC_IMPLICIT_RETAIN_SELF = YES;
				CLANG_WARN_OBJC_LITERAL_CONVERSION = YES;
				CLANG_WARN_OBJC_ROOT_CLASS = YES_ERROR;
				CLANG_WARN_RANGE_LOOP_ANALYSIS = YES;
				CLANG_WARN_STRICT_PROTOTYPES = YES;
				CLANG_WARN_SUSPICIOUS_MOVE = YES;
				CLANG_WARN_UNGUARDED_AVAILABILITY = YES_AGGRESSIVE;
				CLANG_WARN_UNREACHABLE_CODE = YES;
				CLANG_WARN__DUPLICATE_METHOD_MATCH = YES;
				CODE_SIGN_IDENTITY = "iPhone Developer";
				COPY_PHASE_STRIP = NO;
				DEBUG_INFORMATION_FORMAT = "dwarf-with-dsym";
				ENABLE_NS_ASSERTIONS = NO;
				ENABLE_STRICT_OBJC_MSGSEND = YES;
				GCC_C_LANGUAGE_STANDARD = gnu11;
				GCC_NO_COMMON_BLOCKS = YES;
				GCC_WARN_64_TO_32_BIT_CONVERSION = YES;
				GCC_WARN_ABOUT_RETURN_TYPE = YES_ERROR;
				GCC_WARN_UNDECLARED_SELECTOR = YES;
				GCC_WARN_UNINITIALIZED_AUTOS = YES_AGGRESSIVE;
				GCC_WARN_UNUSED_FUNCTION = YES;
				GCC_WARN_UNUSED_VARIABLE = YES;
				IPHONEOS_DEPLOYMENT_TARGET = 11.3;
				MTL_ENABLE_DEBUG_INFO = NO;
				SDKROOT = iphoneos;
				SWIFT_COMPILATION_MODE = wholemodule;
				SWIFT_OPTIMIZATION_LEVEL = "-O";
				VALIDATE_PRODUCT = YES;
			};
			name = Release;
		};
		BB522A712095FECC00553B4D /* Debug */ = {
			isa = XCBuildConfiguration;
			baseConfigurationReference = 6A46A11B74E960BCB0CAB16E /* Pods-Ufare.debug.xcconfig */;
			buildSettings = {
				ASSETCATALOG_COMPILER_APPICON_NAME = AppIcon;
				CODE_SIGN_STYLE = Automatic;
				DEVELOPMENT_TEAM = AMG49Z5HS2;
				INFOPLIST_FILE = Ufare/Info.plist;
				LD_RUNPATH_SEARCH_PATHS = (
					"$(inherited)",
					"@executable_path/Frameworks",
				);
				PRODUCT_BUNDLE_IDENTIFIER = com.gu.Ufare;
				PRODUCT_NAME = "$(TARGET_NAME)";
				SWIFT_VERSION = 4.0;
				TARGETED_DEVICE_FAMILY = "1,2";
			};
			name = Debug;
		};
		BB522A722095FECC00553B4D /* Release */ = {
			isa = XCBuildConfiguration;
			baseConfigurationReference = 07453F3532EBBD8765744206 /* Pods-Ufare.release.xcconfig */;
			buildSettings = {
				ASSETCATALOG_COMPILER_APPICON_NAME = AppIcon;
				CODE_SIGN_STYLE = Automatic;
				DEVELOPMENT_TEAM = AMG49Z5HS2;
				INFOPLIST_FILE = Ufare/Info.plist;
				LD_RUNPATH_SEARCH_PATHS = (
					"$(inherited)",
					"@executable_path/Frameworks",
				);
				PRODUCT_BUNDLE_IDENTIFIER = com.gu.Ufare;
				PRODUCT_NAME = "$(TARGET_NAME)";
				SWIFT_VERSION = 4.0;
				TARGETED_DEVICE_FAMILY = "1,2";
			};
			name = Release;
		};
/* End XCBuildConfiguration section */

/* Begin XCConfigurationList section */
		BB522A592095FEC900553B4D /* Build configuration list for PBXProject "Ufare" */ = {
			isa = XCConfigurationList;
			buildConfigurations = (
				BB522A6E2095FECC00553B4D /* Debug */,
				BB522A6F2095FECC00553B4D /* Release */,
			);
			defaultConfigurationIsVisible = 0;
			defaultConfigurationName = Release;
		};
		BB522A702095FECC00553B4D /* Build configuration list for PBXNativeTarget "Ufare" */ = {
			isa = XCConfigurationList;
			buildConfigurations = (
				BB522A712095FECC00553B4D /* Debug */,
				BB522A722095FECC00553B4D /* Release */,
			);
			defaultConfigurationIsVisible = 0;
			defaultConfigurationName = Release;
		};
/* End XCConfigurationList section */
	};
	rootObject = BB522A562095FEC900553B4D /* Project object */;
}
